
Microsoft Visual Studio Solution File, Format Version 12.00
# Visual Studio 15
VisualStudioVersion = 15.0.28307.1831
MinimumVisualStudioVersion = 10.0.40219.1
Project("{FAE04EC0-301F-11D3-BF4B-00C04F79EFBC}") = "arithmeticop", "arithmeticop\arithmeticop.csproj", "{FF0CC4FC-AA95-48B2-9B69-E4D6AFB3E007}"
EndProject
Global
	GlobalSection(SolutionConfigurationPlatforms) = preSolution
		Debug|Any CPU = Debug|Any CPU
		Release|Any CPU = Release|Any CPU
	EndGlobalSection
	GlobalSection(ProjectConfigurationPlatforms) = postSolution
		{FF0CC4FC-AA95-48B2-9B69-E4D6AFB3E007}.Debug|Any CPU.ActiveCfg = Debug|Any CPU
		{FF0CC4FC-AA95-48B2-9B69-E4D6AFB3E007}.Debug|Any CPU.Build.0 = Debug|Any CPU
		{FF0CC4FC-AA95-48B2-9B69-E4D6AFB3E007}.Release|Any CPU.ActiveCfg = Release|Any CPU
		{FF0CC4FC-AA95-48B2-9B69-E4D6AFB3E007}.Release|Any CPU.Build.0 = Release|Any CPU
	EndGlobalSection
	GlobalSection(SolutionProperties) = preSolution
		HideSolutionNode = FALSE
	EndGlobalSection
	GlobalSection(ExtensibilityGlobals) = postSolution
		SolutionGuid = {AFCB4431-8269-4032-A558-5B2DDBCDA746}
	EndGlobalSection
EndGlobal
